
Microsoft Visual Studio Solution File, Format Version 12.00
# Visual Studio Version 16
VisualStudioVersion = 16.0.30011.22
MinimumVisualStudioVersion = 10.0.40219.1
Project("{2150E333-8FDC-42A3-9474-1A3956D46DE8}") = "Data", "Data", "{EE11C9E4-7486-4055-B1F0-4CEABF11B84B}"
EndProject
Project("{9A19103F-16F7-4668-BE54-9A1E7A4F7556}") = "JewelleryShop.Data", "Data\JewelleryShop.Data\JewelleryShop.Data.csproj", "{ACEE929A-9C60-48B3-8B38-84908BC17A65}"
EndProject
Project("{9A19103F-16F7-4668-BE54-9A1E7A4F7556}") = "JewelleryShop.Data.Models", "Data\JewelleryShop.Data.Models\JewelleryShop.Data.Models.csproj", "{7CBDA92A-18BD-4AD9-982D-6660748F4D6F}"
EndProject
Project("{9A19103F-16F7-4668-BE54-9A1E7A4F7556}") = "JewelleryShop.Data.Interfaces", "Data\JewelleryShop.Data.Common\JewelleryShop.Data.Interfaces.csproj", "{A44C7507-357F-4733-A3B7-38266B8D760F}"
EndProject
Project("{9A19103F-16F7-4668-BE54-9A1E7A4F7556}") = "JewelleryShop.Common", "JewelleryShop.Common\JewelleryShop.Common.csproj", "{9256CBDB-81C7-4349-93F0-2F3D927C27B2}"
EndProject
Project("{2150E333-8FDC-42A3-9474-1A3956D46DE8}") = "Services", "Services", "{443C8B56-3649-47C7-98C3-487D4127D58D}"
EndProject
Project("{2150E333-8FDC-42A3-9474-1A3956D46DE8}") = "Web", "Web", "{69A18099-172B-49D8-BCAC-E493A7AC0DAD}"
EndProject
Project("{9A19103F-16F7-4668-BE54-9A1E7A4F7556}") = "JewelleryShop.Web.Server", "Web\JewelleryShop.Web\Server\JewelleryShop.Web.Server.csproj", "{EA0A3765-802D-4A41-BDF8-CCEF879CCF1A}"
EndProject
Project("{9A19103F-16F7-4668-BE54-9A1E7A4F7556}") = "JewelleryShop.Web.Client", "Web\JewelleryShop.Web\Client\JewelleryShop.Web.Client.csproj", "{25518577-9E40-4A71-BFFF-62FD2E3EECC4}"
EndProject
Project("{9A19103F-16F7-4668-BE54-9A1E7A4F7556}") = "JewelleryShop.Web.Shared", "Web\JewelleryShop.Web\Shared\JewelleryShop.Web.Shared.csproj", "{269D0642-F9A6-4CFC-8474-452DCC02FB70}"
EndProject
Project("{9A19103F-16F7-4668-BE54-9A1E7A4F7556}") = "JewelleryShop.Services.Server", "Services\JewelleryShop.Services.Server\JewelleryShop.Services.Server.csproj", "{40CDF19E-024A-4408-A425-BAE558506775}"
EndProject
Global
	GlobalSection(SolutionConfigurationPlatforms) = preSolution
		Debug|Any CPU = Debug|Any CPU
		Release|Any CPU = Release|Any CPU
	EndGlobalSection
	GlobalSection(ProjectConfigurationPlatforms) = postSolution
		{ACEE929A-9C60-48B3-8B38-84908BC17A65}.Debug|Any CPU.ActiveCfg = Debug|Any CPU
		{ACEE929A-9C60-48B3-8B38-84908BC17A65}.Debug|Any CPU.Build.0 = Debug|Any CPU
		{ACEE929A-9C60-48B3-8B38-84908BC17A65}.Release|Any CPU.ActiveCfg = Release|Any CPU
		{ACEE929A-9C60-48B3-8B38-84908BC17A65}.Release|Any CPU.Build.0 = Release|Any CPU
		{7CBDA92A-18BD-4AD9-982D-6660748F4D6F}.Debug|Any CPU.ActiveCfg = Debug|Any CPU
		{7CBDA92A-18BD-4AD9-982D-6660748F4D6F}.Debug|Any CPU.Build.0 = Debug|Any CPU
		{7CBDA92A-18BD-4AD9-982D-6660748F4D6F}.Release|Any CPU.ActiveCfg = Release|Any CPU
		{7CBDA92A-18BD-4AD9-982D-6660748F4D6F}.Release|Any CPU.Build.0 = Release|Any CPU
		{A44C7507-357F-4733-A3B7-38266B8D760F}.Debug|Any CPU.ActiveCfg = Debug|Any CPU
		{A44C7507-357F-4733-A3B7-38266B8D760F}.Debug|Any CPU.Build.0 = Debug|Any CPU
		{A44C7507-357F-4733-A3B7-38266B8D760F}.Release|Any CPU.ActiveCfg = Release|Any CPU
		{A44C7507-357F-4733-A3B7-38266B8D760F}.Release|Any CPU.Build.0 = Release|Any CPU
		{9256CBDB-81C7-4349-93F0-2F3D927C27B2}.Debug|Any CPU.ActiveCfg = Debug|Any CPU
		{9256CBDB-81C7-4349-93F0-2F3D927C27B2}.Debug|Any CPU.Build.0 = Debug|Any CPU
		{9256CBDB-81C7-4349-93F0-2F3D927C27B2}.Release|Any CPU.ActiveCfg = Release|Any CPU
		{9256CBDB-81C7-4349-93F0-2F3D927C27B2}.Release|Any CPU.Build.0 = Release|Any CPU
		{EA0A3765-802D-4A41-BDF8-CCEF879CCF1A}.Debug|Any CPU.ActiveCfg = Debug|Any CPU
		{EA0A3765-802D-4A41-BDF8-CCEF879CCF1A}.Debug|Any CPU.Build.0 = Debug|Any CPU
		{EA0A3765-802D-4A41-BDF8-CCEF879CCF1A}.Release|Any CPU.ActiveCfg = Release|Any CPU
		{EA0A3765-802D-4A41-BDF8-CCEF879CCF1A}.Release|Any CPU.Build.0 = Release|Any CPU
		{25518577-9E40-4A71-BFFF-62FD2E3EECC4}.Debug|Any CPU.ActiveCfg = Debug|Any CPU
		{25518577-9E40-4A71-BFFF-62FD2E3EECC4}.Debug|Any CPU.Build.0 = Debug|Any CPU
		{25518577-9E40-4A71-BFFF-62FD2E3EECC4}.Release|Any CPU.ActiveCfg = Release|Any CPU
		{25518577-9E40-4A71-BFFF-62FD2E3EECC4}.Release|Any CPU.Build.0 = Release|Any CPU
		{269D0642-F9A6-4CFC-8474-452DCC02FB70}.Debug|Any CPU.ActiveCfg = Debug|Any CPU
		{269D0642-F9A6-4CFC-8474-452DCC02FB70}.Debug|Any CPU.Build.0 = Debug|Any CPU
		{269D0642-F9A6-4CFC-8474-452DCC02FB70}.Release|Any CPU.ActiveCfg = Release|Any CPU
		{269D0642-F9A6-4CFC-8474-452DCC02FB70}.Release|Any CPU.Build.0 = Release|Any CPU
		{40CDF19E-024A-4408-A425-BAE558506775}.Debug|Any CPU.ActiveCfg = Debug|Any CPU
		{40CDF19E-024A-4408-A425-BAE558506775}.Debug|Any CPU.Build.0 = Debug|Any CPU
		{40CDF19E-024A-4408-A425-BAE558506775}.Release|Any CPU.ActiveCfg = Release|Any CPU
		{40CDF19E-024A-4408-A425-BAE558506775}.Release|Any CPU.Build.0 = Release|Any CPU
	EndGlobalSection
	GlobalSection(SolutionProperties) = preSolution
		HideSolutionNode = FALSE
	EndGlobalSection
	GlobalSection(NestedProjects) = preSolution
		{ACEE929A-9C60-48B3-8B38-84908BC17A65} = {EE11C9E4-7486-4055-B1F0-4CEABF11B84B}
		{7CBDA92A-18BD-4AD9-982D-6660748F4D6F} = {EE11C9E4-7486-4055-B1F0-4CEABF11B84B}
		{A44C7507-357F-4733-A3B7-38266B8D760F} = {EE11C9E4-7486-4055-B1F0-4CEABF11B84B}
		{EA0A3765-802D-4A41-BDF8-CCEF879CCF1A} = {69A18099-172B-49D8-BCAC-E493A7AC0DAD}
		{25518577-9E40-4A71-BFFF-62FD2E3EECC4} = {69A18099-172B-49D8-BCAC-E493A7AC0DAD}
		{269D0642-F9A6-4CFC-8474-452DCC02FB70} = {69A18099-172B-49D8-BCAC-E493A7AC0DAD}
		{40CDF19E-024A-4408-A425-BAE558506775} = {443C8B56-3649-47C7-98C3-487D4127D58D}
	EndGlobalSection
	GlobalSection(ExtensibilityGlobals) = postSolution
		SolutionGuid = {1286D423-C8CB-4E91-8648-59A21FD3297A}
	EndGlobalSection
EndGlobal
