
Microsoft Visual Studio Solution File, Format Version 12.00
# Visual Studio Version 16
VisualStudioVersion = 16.0.30011.22
MinimumVisualStudioVersion = 10.0.40219.1
Project("{2150E333-8FDC-42A3-9474-1A3956D46DE8}") = "Data", "Data", "{EE11C9E4-7486-4055-B1F0-4CEABF11B84B}"
EndProject
Project("{9A19103F-16F7-4668-BE54-9A1E7A4F7556}") = "SheryLady.Data", "Data\SheryLady.Data\SheryLady.Data.csproj", "{ACEE929A-9C60-48B3-8B38-84908BC17A65}"
EndProject
Project("{9A19103F-16F7-4668-BE54-9A1E7A4F7556}") = "SheryLady.Data.Models", "Data\SheryLady.Data.Models\SheryLady.Data.Models.csproj", "{7CBDA92A-18BD-4AD9-982D-6660748F4D6F}"
EndProject
Project("{9A19103F-16F7-4668-BE54-9A1E7A4F7556}") = "SheryLady.Data.Interfaces", "Data\SheryLady.Data.Common\SheryLady.Data.Interfaces.csproj", "{A44C7507-357F-4733-A3B7-38266B8D760F}"
EndProject
Project("{9A19103F-16F7-4668-BE54-9A1E7A4F7556}") = "SheryLady.Common", "SheryLady.Common\SheryLady.Common.csproj", "{9256CBDB-81C7-4349-93F0-2F3D927C27B2}"
EndProject
Project("{2150E333-8FDC-42A3-9474-1A3956D46DE8}") = "Services", "Services", "{443C8B56-3649-47C7-98C3-487D4127D58D}"
EndProject
Project("{9A19103F-16F7-4668-BE54-9A1E7A4F7556}") = "SheryLady.Services", "Services\SheryLady.Services\SheryLady.Services.csproj", "{3D965C54-528A-4918-B0E2-C7772DF42E06}"
EndProject
Project("{2150E333-8FDC-42A3-9474-1A3956D46DE8}") = "Web", "Web", "{69A18099-172B-49D8-BCAC-E493A7AC0DAD}"
EndProject
Project("{FAE04EC0-301F-11D3-BF4B-00C04F79EFBC}") = "SheryLady.Web.Server", "Web\SheryLady.Web\Server\SheryLady.Web.Server.csproj", "{4C98FB0B-51B3-4A78-9CEC-C05EAE72F6AA}"
EndProject
Project("{FAE04EC0-301F-11D3-BF4B-00C04F79EFBC}") = "SheryLady.Web.Client", "Web\SheryLady.Web\Client\SheryLady.Web.Client.csproj", "{E880522B-A814-443D-9AD8-820555098456}"
EndProject
Project("{FAE04EC0-301F-11D3-BF4B-00C04F79EFBC}") = "SheryLady.Web.Shared", "Web\SheryLady.Web\Shared\SheryLady.Web.Shared.csproj", "{E6050656-9DB2-4B73-BC3A-85D683D3D776}"
EndProject
Global
	GlobalSection(SolutionConfigurationPlatforms) = preSolution
		Debug|Any CPU = Debug|Any CPU
		Release|Any CPU = Release|Any CPU
	EndGlobalSection
	GlobalSection(ProjectConfigurationPlatforms) = postSolution
		{ACEE929A-9C60-48B3-8B38-84908BC17A65}.Debug|Any CPU.ActiveCfg = Debug|Any CPU
		{ACEE929A-9C60-48B3-8B38-84908BC17A65}.Debug|Any CPU.Build.0 = Debug|Any CPU
		{ACEE929A-9C60-48B3-8B38-84908BC17A65}.Release|Any CPU.ActiveCfg = Release|Any CPU
		{ACEE929A-9C60-48B3-8B38-84908BC17A65}.Release|Any CPU.Build.0 = Release|Any CPU
		{7CBDA92A-18BD-4AD9-982D-6660748F4D6F}.Debug|Any CPU.ActiveCfg = Debug|Any CPU
		{7CBDA92A-18BD-4AD9-982D-6660748F4D6F}.Debug|Any CPU.Build.0 = Debug|Any CPU
		{7CBDA92A-18BD-4AD9-982D-6660748F4D6F}.Release|Any CPU.ActiveCfg = Release|Any CPU
		{7CBDA92A-18BD-4AD9-982D-6660748F4D6F}.Release|Any CPU.Build.0 = Release|Any CPU
		{A44C7507-357F-4733-A3B7-38266B8D760F}.Debug|Any CPU.ActiveCfg = Debug|Any CPU
		{A44C7507-357F-4733-A3B7-38266B8D760F}.Debug|Any CPU.Build.0 = Debug|Any CPU
		{A44C7507-357F-4733-A3B7-38266B8D760F}.Release|Any CPU.ActiveCfg = Release|Any CPU
		{A44C7507-357F-4733-A3B7-38266B8D760F}.Release|Any CPU.Build.0 = Release|Any CPU
		{9256CBDB-81C7-4349-93F0-2F3D927C27B2}.Debug|Any CPU.ActiveCfg = Debug|Any CPU
		{9256CBDB-81C7-4349-93F0-2F3D927C27B2}.Debug|Any CPU.Build.0 = Debug|Any CPU
		{9256CBDB-81C7-4349-93F0-2F3D927C27B2}.Release|Any CPU.ActiveCfg = Release|Any CPU
		{9256CBDB-81C7-4349-93F0-2F3D927C27B2}.Release|Any CPU.Build.0 = Release|Any CPU
		{3D965C54-528A-4918-B0E2-C7772DF42E06}.Debug|Any CPU.ActiveCfg = Debug|Any CPU
		{3D965C54-528A-4918-B0E2-C7772DF42E06}.Debug|Any CPU.Build.0 = Debug|Any CPU
		{3D965C54-528A-4918-B0E2-C7772DF42E06}.Release|Any CPU.ActiveCfg = Release|Any CPU
		{3D965C54-528A-4918-B0E2-C7772DF42E06}.Release|Any CPU.Build.0 = Release|Any CPU
		{4C98FB0B-51B3-4A78-9CEC-C05EAE72F6AA}.Debug|Any CPU.ActiveCfg = Debug|Any CPU
		{4C98FB0B-51B3-4A78-9CEC-C05EAE72F6AA}.Debug|Any CPU.Build.0 = Debug|Any CPU
		{4C98FB0B-51B3-4A78-9CEC-C05EAE72F6AA}.Release|Any CPU.ActiveCfg = Release|Any CPU
		{4C98FB0B-51B3-4A78-9CEC-C05EAE72F6AA}.Release|Any CPU.Build.0 = Release|Any CPU
		{E880522B-A814-443D-9AD8-820555098456}.Debug|Any CPU.ActiveCfg = Debug|Any CPU
		{E880522B-A814-443D-9AD8-820555098456}.Debug|Any CPU.Build.0 = Debug|Any CPU
		{E880522B-A814-443D-9AD8-820555098456}.Release|Any CPU.ActiveCfg = Release|Any CPU
		{E880522B-A814-443D-9AD8-820555098456}.Release|Any CPU.Build.0 = Release|Any CPU
		{E6050656-9DB2-4B73-BC3A-85D683D3D776}.Debug|Any CPU.ActiveCfg = Debug|Any CPU
		{E6050656-9DB2-4B73-BC3A-85D683D3D776}.Debug|Any CPU.Build.0 = Debug|Any CPU
		{E6050656-9DB2-4B73-BC3A-85D683D3D776}.Release|Any CPU.ActiveCfg = Release|Any CPU
		{E6050656-9DB2-4B73-BC3A-85D683D3D776}.Release|Any CPU.Build.0 = Release|Any CPU
	EndGlobalSection
	GlobalSection(SolutionProperties) = preSolution
		HideSolutionNode = FALSE
	EndGlobalSection
	GlobalSection(NestedProjects) = preSolution
		{ACEE929A-9C60-48B3-8B38-84908BC17A65} = {EE11C9E4-7486-4055-B1F0-4CEABF11B84B}
		{7CBDA92A-18BD-4AD9-982D-6660748F4D6F} = {EE11C9E4-7486-4055-B1F0-4CEABF11B84B}
		{A44C7507-357F-4733-A3B7-38266B8D760F} = {EE11C9E4-7486-4055-B1F0-4CEABF11B84B}
		{3D965C54-528A-4918-B0E2-C7772DF42E06} = {443C8B56-3649-47C7-98C3-487D4127D58D}
		{4C98FB0B-51B3-4A78-9CEC-C05EAE72F6AA} = {69A18099-172B-49D8-BCAC-E493A7AC0DAD}
		{E880522B-A814-443D-9AD8-820555098456} = {69A18099-172B-49D8-BCAC-E493A7AC0DAD}
		{E6050656-9DB2-4B73-BC3A-85D683D3D776} = {69A18099-172B-49D8-BCAC-E493A7AC0DAD}
	EndGlobalSection
	GlobalSection(ExtensibilityGlobals) = postSolution
		SolutionGuid = {1286D423-C8CB-4E91-8648-59A21FD3297A}
	EndGlobalSection
EndGlobal
